
Microsoft Visual Studio Solution File, Format Version 12.00
# Visual Studio 2012
Project("{F184B08F-C81C-45F6-A57F-5ABD9991F28F}") = "PTProject", "PTProject\PTProject.vbproj", "{17A78D2F-F64F-4E54-B3A8-F3C73C98D4C0}"
EndProject
Project("{F184B08F-C81C-45F6-A57F-5ABD9991F28F}") = "Common", "Common\Common.vbproj", "{D2B5E9ED-E089-43F5-A8AA-BF94543060E5}"
EndProject
Project("{F184B08F-C81C-45F6-A57F-5ABD9991F28F}") = "CoreLibrary", "CoreLibrary\CoreLibrary.vbproj", "{5625ADE4-2AE3-4BCD-BB8A-1426190ED1BD}"
EndProject
Project("{F184B08F-C81C-45F6-A57F-5ABD9991F28F}") = "DataAccess", "DataAccess\DataAccess.vbproj", "{71AD23A4-FBC6-438E-864C-F6447F361216}"
EndProject
Global
	GlobalSection(SolutionConfigurationPlatforms) = preSolution
		Debug|Any CPU = Debug|Any CPU
		Release|Any CPU = Release|Any CPU
	EndGlobalSection
	GlobalSection(ProjectConfigurationPlatforms) = postSolution
		{17A78D2F-F64F-4E54-B3A8-F3C73C98D4C0}.Debug|Any CPU.ActiveCfg = Debug|Any CPU
		{17A78D2F-F64F-4E54-B3A8-F3C73C98D4C0}.Debug|Any CPU.Build.0 = Debug|Any CPU
		{17A78D2F-F64F-4E54-B3A8-F3C73C98D4C0}.Release|Any CPU.ActiveCfg = Release|Any CPU
		{17A78D2F-F64F-4E54-B3A8-F3C73C98D4C0}.Release|Any CPU.Build.0 = Release|Any CPU
		{D2B5E9ED-E089-43F5-A8AA-BF94543060E5}.Debug|Any CPU.ActiveCfg = Debug|Any CPU
		{D2B5E9ED-E089-43F5-A8AA-BF94543060E5}.Debug|Any CPU.Build.0 = Debug|Any CPU
		{D2B5E9ED-E089-43F5-A8AA-BF94543060E5}.Release|Any CPU.ActiveCfg = Release|Any CPU
		{D2B5E9ED-E089-43F5-A8AA-BF94543060E5}.Release|Any CPU.Build.0 = Release|Any CPU
		{5625ADE4-2AE3-4BCD-BB8A-1426190ED1BD}.Debug|Any CPU.ActiveCfg = Debug|Any CPU
		{5625ADE4-2AE3-4BCD-BB8A-1426190ED1BD}.Debug|Any CPU.Build.0 = Debug|Any CPU
		{5625ADE4-2AE3-4BCD-BB8A-1426190ED1BD}.Release|Any CPU.ActiveCfg = Release|Any CPU
		{5625ADE4-2AE3-4BCD-BB8A-1426190ED1BD}.Release|Any CPU.Build.0 = Release|Any CPU
		{71AD23A4-FBC6-438E-864C-F6447F361216}.Debug|Any CPU.ActiveCfg = Debug|Any CPU
		{71AD23A4-FBC6-438E-864C-F6447F361216}.Debug|Any CPU.Build.0 = Debug|Any CPU
		{71AD23A4-FBC6-438E-864C-F6447F361216}.Release|Any CPU.ActiveCfg = Release|Any CPU
		{71AD23A4-FBC6-438E-864C-F6447F361216}.Release|Any CPU.Build.0 = Release|Any CPU
	EndGlobalSection
	GlobalSection(SolutionProperties) = preSolution
		HideSolutionNode = FALSE
	EndGlobalSection
EndGlobal
